
Microsoft Visual Studio Solution File, Format Version 12.00
# Visual Studio 2012
Project("{FAE04EC0-301F-11D3-BF4B-00C04F79EFBC}") = "App.Core", "App.Core\App.Core.csproj", "{A02CBDE2-1917-4D04-AD03-8C142288F394}"
EndProject
Project("{FAE04EC0-301F-11D3-BF4B-00C04F79EFBC}") = "App.Android", "App.Android\App.Android.csproj", "{0D2D8C70-D6D7-4A97-AE30-BC087268E541}"
EndProject
Project("{FAE04EC0-301F-11D3-BF4B-00C04F79EFBC}") = "App.iOS", "App.iOS\App.iOS.csproj", "{B44E539D-97ED-416B-9F5F-F8CDA5DDD558}"
EndProject
Project("{FAE04EC0-301F-11D3-BF4B-00C04F79EFBC}") = "App.WP", "App.WP\App.WP.csproj", "{E9BDBDE5-21BF-4AC3-BD35-311F2C97083B}"
EndProject
Global
	GlobalSection(SolutionConfigurationPlatforms) = preSolution
		Ad-Hoc|Any CPU = Ad-Hoc|Any CPU
		Ad-Hoc|ARM = Ad-Hoc|ARM
		Ad-Hoc|iPhone = Ad-Hoc|iPhone
		Ad-Hoc|iPhoneSimulator = Ad-Hoc|iPhoneSimulator
		Ad-Hoc|Mixed Platforms = Ad-Hoc|Mixed Platforms
		Ad-Hoc|x86 = Ad-Hoc|x86
		AppStore|Any CPU = AppStore|Any CPU
		AppStore|ARM = AppStore|ARM
		AppStore|iPhone = AppStore|iPhone
		AppStore|iPhoneSimulator = AppStore|iPhoneSimulator
		AppStore|Mixed Platforms = AppStore|Mixed Platforms
		AppStore|x86 = AppStore|x86
		Debug|Any CPU = Debug|Any CPU
		Debug|ARM = Debug|ARM
		Debug|iPhone = Debug|iPhone
		Debug|iPhoneSimulator = Debug|iPhoneSimulator
		Debug|Mixed Platforms = Debug|Mixed Platforms
		Debug|x86 = Debug|x86
		Release|Any CPU = Release|Any CPU
		Release|ARM = Release|ARM
		Release|iPhone = Release|iPhone
		Release|iPhoneSimulator = Release|iPhoneSimulator
		Release|Mixed Platforms = Release|Mixed Platforms
		Release|x86 = Release|x86
	EndGlobalSection
	GlobalSection(ProjectConfigurationPlatforms) = postSolution
		{A02CBDE2-1917-4D04-AD03-8C142288F394}.Ad-Hoc|Any CPU.ActiveCfg = Release|Any CPU
		{A02CBDE2-1917-4D04-AD03-8C142288F394}.Ad-Hoc|Any CPU.Build.0 = Release|Any CPU
		{A02CBDE2-1917-4D04-AD03-8C142288F394}.Ad-Hoc|ARM.ActiveCfg = Release|Any CPU
		{A02CBDE2-1917-4D04-AD03-8C142288F394}.Ad-Hoc|iPhone.ActiveCfg = Release|Any CPU
		{A02CBDE2-1917-4D04-AD03-8C142288F394}.Ad-Hoc|iPhoneSimulator.ActiveCfg = Release|Any CPU
		{A02CBDE2-1917-4D04-AD03-8C142288F394}.Ad-Hoc|Mixed Platforms.ActiveCfg = Release|Any CPU
		{A02CBDE2-1917-4D04-AD03-8C142288F394}.Ad-Hoc|Mixed Platforms.Build.0 = Release|Any CPU
		{A02CBDE2-1917-4D04-AD03-8C142288F394}.Ad-Hoc|x86.ActiveCfg = Release|Any CPU
		{A02CBDE2-1917-4D04-AD03-8C142288F394}.AppStore|Any CPU.ActiveCfg = Release|Any CPU
		{A02CBDE2-1917-4D04-AD03-8C142288F394}.AppStore|Any CPU.Build.0 = Release|Any CPU
		{A02CBDE2-1917-4D04-AD03-8C142288F394}.AppStore|ARM.ActiveCfg = Release|Any CPU
		{A02CBDE2-1917-4D04-AD03-8C142288F394}.AppStore|iPhone.ActiveCfg = Release|Any CPU
		{A02CBDE2-1917-4D04-AD03-8C142288F394}.AppStore|iPhoneSimulator.ActiveCfg = Release|Any CPU
		{A02CBDE2-1917-4D04-AD03-8C142288F394}.AppStore|Mixed Platforms.ActiveCfg = Release|Any CPU
		{A02CBDE2-1917-4D04-AD03-8C142288F394}.AppStore|Mixed Platforms.Build.0 = Release|Any CPU
		{A02CBDE2-1917-4D04-AD03-8C142288F394}.AppStore|x86.ActiveCfg = Release|Any CPU
		{A02CBDE2-1917-4D04-AD03-8C142288F394}.Debug|Any CPU.ActiveCfg = Debug|Any CPU
		{A02CBDE2-1917-4D04-AD03-8C142288F394}.Debug|Any CPU.Build.0 = Debug|Any CPU
		{A02CBDE2-1917-4D04-AD03-8C142288F394}.Debug|ARM.ActiveCfg = Debug|Any CPU
		{A02CBDE2-1917-4D04-AD03-8C142288F394}.Debug|iPhone.ActiveCfg = Debug|Any CPU
		{A02CBDE2-1917-4D04-AD03-8C142288F394}.Debug|iPhoneSimulator.ActiveCfg = Debug|Any CPU
		{A02CBDE2-1917-4D04-AD03-8C142288F394}.Debug|Mixed Platforms.ActiveCfg = Debug|Any CPU
		{A02CBDE2-1917-4D04-AD03-8C142288F394}.Debug|Mixed Platforms.Build.0 = Debug|Any CPU
		{A02CBDE2-1917-4D04-AD03-8C142288F394}.Debug|x86.ActiveCfg = Debug|Any CPU
		{A02CBDE2-1917-4D04-AD03-8C142288F394}.Release|Any CPU.ActiveCfg = Release|Any CPU
		{A02CBDE2-1917-4D04-AD03-8C142288F394}.Release|Any CPU.Build.0 = Release|Any CPU
		{A02CBDE2-1917-4D04-AD03-8C142288F394}.Release|ARM.ActiveCfg = Release|Any CPU
		{A02CBDE2-1917-4D04-AD03-8C142288F394}.Release|iPhone.ActiveCfg = Release|Any CPU
		{A02CBDE2-1917-4D04-AD03-8C142288F394}.Release|iPhoneSimulator.ActiveCfg = Release|Any CPU
		{A02CBDE2-1917-4D04-AD03-8C142288F394}.Release|Mixed Platforms.ActiveCfg = Release|Any CPU
		{A02CBDE2-1917-4D04-AD03-8C142288F394}.Release|Mixed Platforms.Build.0 = Release|Any CPU
		{A02CBDE2-1917-4D04-AD03-8C142288F394}.Release|x86.ActiveCfg = Release|Any CPU
		{0D2D8C70-D6D7-4A97-AE30-BC087268E541}.Ad-Hoc|Any CPU.ActiveCfg = Release|Any CPU
		{0D2D8C70-D6D7-4A97-AE30-BC087268E541}.Ad-Hoc|Any CPU.Build.0 = Release|Any CPU
		{0D2D8C70-D6D7-4A97-AE30-BC087268E541}.Ad-Hoc|Any CPU.Deploy.0 = Release|Any CPU
		{0D2D8C70-D6D7-4A97-AE30-BC087268E541}.Ad-Hoc|ARM.ActiveCfg = Release|Any CPU
		{0D2D8C70-D6D7-4A97-AE30-BC087268E541}.Ad-Hoc|iPhone.ActiveCfg = Release|Any CPU
		{0D2D8C70-D6D7-4A97-AE30-BC087268E541}.Ad-Hoc|iPhoneSimulator.ActiveCfg = Release|Any CPU
		{0D2D8C70-D6D7-4A97-AE30-BC087268E541}.Ad-Hoc|Mixed Platforms.ActiveCfg = Release|Any CPU
		{0D2D8C70-D6D7-4A97-AE30-BC087268E541}.Ad-Hoc|Mixed Platforms.Build.0 = Release|Any CPU
		{0D2D8C70-D6D7-4A97-AE30-BC087268E541}.Ad-Hoc|Mixed Platforms.Deploy.0 = Release|Any CPU
		{0D2D8C70-D6D7-4A97-AE30-BC087268E541}.Ad-Hoc|x86.ActiveCfg = Release|Any CPU
		{0D2D8C70-D6D7-4A97-AE30-BC087268E541}.AppStore|Any CPU.ActiveCfg = Release|Any CPU
		{0D2D8C70-D6D7-4A97-AE30-BC087268E541}.AppStore|Any CPU.Build.0 = Release|Any CPU
		{0D2D8C70-D6D7-4A97-AE30-BC087268E541}.AppStore|Any CPU.Deploy.0 = Release|Any CPU
		{0D2D8C70-D6D7-4A97-AE30-BC087268E541}.AppStore|ARM.ActiveCfg = Release|Any CPU
		{0D2D8C70-D6D7-4A97-AE30-BC087268E541}.AppStore|iPhone.ActiveCfg = Release|Any CPU
		{0D2D8C70-D6D7-4A97-AE30-BC087268E541}.AppStore|iPhoneSimulator.ActiveCfg = Release|Any CPU
		{0D2D8C70-D6D7-4A97-AE30-BC087268E541}.AppStore|Mixed Platforms.ActiveCfg = Release|Any CPU
		{0D2D8C70-D6D7-4A97-AE30-BC087268E541}.AppStore|Mixed Platforms.Build.0 = Release|Any CPU
		{0D2D8C70-D6D7-4A97-AE30-BC087268E541}.AppStore|Mixed Platforms.Deploy.0 = Release|Any CPU
		{0D2D8C70-D6D7-4A97-AE30-BC087268E541}.AppStore|x86.ActiveCfg = Release|Any CPU
		{0D2D8C70-D6D7-4A97-AE30-BC087268E541}.Debug|Any CPU.ActiveCfg = Debug|Any CPU
		{0D2D8C70-D6D7-4A97-AE30-BC087268E541}.Debug|Any CPU.Build.0 = Debug|Any CPU
		{0D2D8C70-D6D7-4A97-AE30-BC087268E541}.Debug|Any CPU.Deploy.0 = Debug|Any CPU
		{0D2D8C70-D6D7-4A97-AE30-BC087268E541}.Debug|ARM.ActiveCfg = Debug|Any CPU
		{0D2D8C70-D6D7-4A97-AE30-BC087268E541}.Debug|iPhone.ActiveCfg = Debug|Any CPU
		{0D2D8C70-D6D7-4A97-AE30-BC087268E541}.Debug|iPhoneSimulator.ActiveCfg = Debug|Any CPU
		{0D2D8C70-D6D7-4A97-AE30-BC087268E541}.Debug|Mixed Platforms.ActiveCfg = Debug|Any CPU
		{0D2D8C70-D6D7-4A97-AE30-BC087268E541}.Debug|Mixed Platforms.Build.0 = Debug|Any CPU
		{0D2D8C70-D6D7-4A97-AE30-BC087268E541}.Debug|Mixed Platforms.Deploy.0 = Debug|Any CPU
		{0D2D8C70-D6D7-4A97-AE30-BC087268E541}.Debug|x86.ActiveCfg = Debug|Any CPU
		{0D2D8C70-D6D7-4A97-AE30-BC087268E541}.Release|Any CPU.ActiveCfg = Release|Any CPU
		{0D2D8C70-D6D7-4A97-AE30-BC087268E541}.Release|Any CPU.Build.0 = Release|Any CPU
		{0D2D8C70-D6D7-4A97-AE30-BC087268E541}.Release|Any CPU.Deploy.0 = Release|Any CPU
		{0D2D8C70-D6D7-4A97-AE30-BC087268E541}.Release|ARM.ActiveCfg = Release|Any CPU
		{0D2D8C70-D6D7-4A97-AE30-BC087268E541}.Release|iPhone.ActiveCfg = Release|Any CPU
		{0D2D8C70-D6D7-4A97-AE30-BC087268E541}.Release|iPhoneSimulator.ActiveCfg = Release|Any CPU
		{0D2D8C70-D6D7-4A97-AE30-BC087268E541}.Release|Mixed Platforms.ActiveCfg = Release|Any CPU
		{0D2D8C70-D6D7-4A97-AE30-BC087268E541}.Release|Mixed Platforms.Build.0 = Release|Any CPU
		{0D2D8C70-D6D7-4A97-AE30-BC087268E541}.Release|Mixed Platforms.Deploy.0 = Release|Any CPU
		{0D2D8C70-D6D7-4A97-AE30-BC087268E541}.Release|x86.ActiveCfg = Release|Any CPU
		{B44E539D-97ED-416B-9F5F-F8CDA5DDD558}.Ad-Hoc|Any CPU.ActiveCfg = Ad-Hoc|iPhone
		{B44E539D-97ED-416B-9F5F-F8CDA5DDD558}.Ad-Hoc|ARM.ActiveCfg = Ad-Hoc|iPhone
		{B44E539D-97ED-416B-9F5F-F8CDA5DDD558}.Ad-Hoc|iPhone.ActiveCfg = Ad-Hoc|iPhone
		{B44E539D-97ED-416B-9F5F-F8CDA5DDD558}.Ad-Hoc|iPhone.Build.0 = Ad-Hoc|iPhone
		{B44E539D-97ED-416B-9F5F-F8CDA5DDD558}.Ad-Hoc|iPhone.Deploy.0 = Ad-Hoc|iPhone
		{B44E539D-97ED-416B-9F5F-F8CDA5DDD558}.Ad-Hoc|iPhoneSimulator.ActiveCfg = Ad-Hoc|iPhoneSimulator
		{B44E539D-97ED-416B-9F5F-F8CDA5DDD558}.Ad-Hoc|iPhoneSimulator.Build.0 = Ad-Hoc|iPhoneSimulator
		{B44E539D-97ED-416B-9F5F-F8CDA5DDD558}.Ad-Hoc|iPhoneSimulator.Deploy.0 = Ad-Hoc|iPhoneSimulator
		{B44E539D-97ED-416B-9F5F-F8CDA5DDD558}.Ad-Hoc|Mixed Platforms.ActiveCfg = Ad-Hoc|iPhone
		{B44E539D-97ED-416B-9F5F-F8CDA5DDD558}.Ad-Hoc|Mixed Platforms.Build.0 = Ad-Hoc|iPhone
		{B44E539D-97ED-416B-9F5F-F8CDA5DDD558}.Ad-Hoc|Mixed Platforms.Deploy.0 = Ad-Hoc|iPhone
		{B44E539D-97ED-416B-9F5F-F8CDA5DDD558}.Ad-Hoc|x86.ActiveCfg = Ad-Hoc|iPhone
		{B44E539D-97ED-416B-9F5F-F8CDA5DDD558}.AppStore|Any CPU.ActiveCfg = AppStore|iPhone
		{B44E539D-97ED-416B-9F5F-F8CDA5DDD558}.AppStore|ARM.ActiveCfg = AppStore|iPhone
		{B44E539D-97ED-416B-9F5F-F8CDA5DDD558}.AppStore|iPhone.ActiveCfg = AppStore|iPhone
		{B44E539D-97ED-416B-9F5F-F8CDA5DDD558}.AppStore|iPhone.Build.0 = AppStore|iPhone
		{B44E539D-97ED-416B-9F5F-F8CDA5DDD558}.AppStore|iPhone.Deploy.0 = AppStore|iPhone
		{B44E539D-97ED-416B-9F5F-F8CDA5DDD558}.AppStore|iPhoneSimulator.ActiveCfg = AppStore|iPhoneSimulator
		{B44E539D-97ED-416B-9F5F-F8CDA5DDD558}.AppStore|iPhoneSimulator.Build.0 = AppStore|iPhoneSimulator
		{B44E539D-97ED-416B-9F5F-F8CDA5DDD558}.AppStore|iPhoneSimulator.Deploy.0 = AppStore|iPhoneSimulator
		{B44E539D-97ED-416B-9F5F-F8CDA5DDD558}.AppStore|Mixed Platforms.ActiveCfg = AppStore|iPhone
		{B44E539D-97ED-416B-9F5F-F8CDA5DDD558}.AppStore|Mixed Platforms.Build.0 = AppStore|iPhone
		{B44E539D-97ED-416B-9F5F-F8CDA5DDD558}.AppStore|Mixed Platforms.Deploy.0 = AppStore|iPhone
		{B44E539D-97ED-416B-9F5F-F8CDA5DDD558}.AppStore|x86.ActiveCfg = AppStore|iPhone
		{B44E539D-97ED-416B-9F5F-F8CDA5DDD558}.Debug|Any CPU.ActiveCfg = Debug|iPhone
		{B44E539D-97ED-416B-9F5F-F8CDA5DDD558}.Debug|ARM.ActiveCfg = Debug|iPhone
		{B44E539D-97ED-416B-9F5F-F8CDA5DDD558}.Debug|iPhone.ActiveCfg = Debug|iPhone
		{B44E539D-97ED-416B-9F5F-F8CDA5DDD558}.Debug|iPhone.Build.0 = Debug|iPhone
		{B44E539D-97ED-416B-9F5F-F8CDA5DDD558}.Debug|iPhone.Deploy.0 = Debug|iPhone
		{B44E539D-97ED-416B-9F5F-F8CDA5DDD558}.Debug|iPhoneSimulator.ActiveCfg = Debug|iPhoneSimulator
		{B44E539D-97ED-416B-9F5F-F8CDA5DDD558}.Debug|iPhoneSimulator.Build.0 = Debug|iPhoneSimulator
		{B44E539D-97ED-416B-9F5F-F8CDA5DDD558}.Debug|iPhoneSimulator.Deploy.0 = Debug|iPhoneSimulator
		{B44E539D-97ED-416B-9F5F-F8CDA5DDD558}.Debug|Mixed Platforms.ActiveCfg = Debug|iPhone
		{B44E539D-97ED-416B-9F5F-F8CDA5DDD558}.Debug|Mixed Platforms.Build.0 = Debug|iPhone
		{B44E539D-97ED-416B-9F5F-F8CDA5DDD558}.Debug|Mixed Platforms.Deploy.0 = Debug|iPhone
		{B44E539D-97ED-416B-9F5F-F8CDA5DDD558}.Debug|x86.ActiveCfg = Debug|iPhone
		{B44E539D-97ED-416B-9F5F-F8CDA5DDD558}.Release|Any CPU.ActiveCfg = Release|iPhone
		{B44E539D-97ED-416B-9F5F-F8CDA5DDD558}.Release|ARM.ActiveCfg = Release|iPhone
		{B44E539D-97ED-416B-9F5F-F8CDA5DDD558}.Release|iPhone.ActiveCfg = Release|iPhone
		{B44E539D-97ED-416B-9F5F-F8CDA5DDD558}.Release|iPhone.Build.0 = Release|iPhone
		{B44E539D-97ED-416B-9F5F-F8CDA5DDD558}.Release|iPhone.Deploy.0 = Release|iPhone
		{B44E539D-97ED-416B-9F5F-F8CDA5DDD558}.Release|iPhoneSimulator.ActiveCfg = Release|iPhoneSimulator
		{B44E539D-97ED-416B-9F5F-F8CDA5DDD558}.Release|iPhoneSimulator.Build.0 = Release|iPhoneSimulator
		{B44E539D-97ED-416B-9F5F-F8CDA5DDD558}.Release|iPhoneSimulator.Deploy.0 = Release|iPhoneSimulator
		{B44E539D-97ED-416B-9F5F-F8CDA5DDD558}.Release|Mixed Platforms.ActiveCfg = Release|iPhone
		{B44E539D-97ED-416B-9F5F-F8CDA5DDD558}.Release|Mixed Platforms.Build.0 = Release|iPhone
		{B44E539D-97ED-416B-9F5F-F8CDA5DDD558}.Release|Mixed Platforms.Deploy.0 = Release|iPhone
		{B44E539D-97ED-416B-9F5F-F8CDA5DDD558}.Release|x86.ActiveCfg = Release|iPhone
		{E9BDBDE5-21BF-4AC3-BD35-311F2C97083B}.Ad-Hoc|Any CPU.ActiveCfg = Release|Any CPU
		{E9BDBDE5-21BF-4AC3-BD35-311F2C97083B}.Ad-Hoc|Any CPU.Build.0 = Release|Any CPU
		{E9BDBDE5-21BF-4AC3-BD35-311F2C97083B}.Ad-Hoc|Any CPU.Deploy.0 = Release|Any CPU
		{E9BDBDE5-21BF-4AC3-BD35-311F2C97083B}.Ad-Hoc|ARM.ActiveCfg = Release|ARM
		{E9BDBDE5-21BF-4AC3-BD35-311F2C97083B}.Ad-Hoc|ARM.Build.0 = Release|ARM
		{E9BDBDE5-21BF-4AC3-BD35-311F2C97083B}.Ad-Hoc|ARM.Deploy.0 = Release|ARM
		{E9BDBDE5-21BF-4AC3-BD35-311F2C97083B}.Ad-Hoc|iPhone.ActiveCfg = Release|Any CPU
		{E9BDBDE5-21BF-4AC3-BD35-311F2C97083B}.Ad-Hoc|iPhoneSimulator.ActiveCfg = Release|Any CPU
		{E9BDBDE5-21BF-4AC3-BD35-311F2C97083B}.Ad-Hoc|Mixed Platforms.ActiveCfg = Release|x86
		{E9BDBDE5-21BF-4AC3-BD35-311F2C97083B}.Ad-Hoc|Mixed Platforms.Build.0 = Release|x86
		{E9BDBDE5-21BF-4AC3-BD35-311F2C97083B}.Ad-Hoc|Mixed Platforms.Deploy.0 = Release|x86
		{E9BDBDE5-21BF-4AC3-BD35-311F2C97083B}.Ad-Hoc|x86.ActiveCfg = Release|x86
		{E9BDBDE5-21BF-4AC3-BD35-311F2C97083B}.Ad-Hoc|x86.Build.0 = Release|x86
		{E9BDBDE5-21BF-4AC3-BD35-311F2C97083B}.Ad-Hoc|x86.Deploy.0 = Release|x86
		{E9BDBDE5-21BF-4AC3-BD35-311F2C97083B}.AppStore|Any CPU.ActiveCfg = Release|Any CPU
		{E9BDBDE5-21BF-4AC3-BD35-311F2C97083B}.AppStore|Any CPU.Build.0 = Release|Any CPU
		{E9BDBDE5-21BF-4AC3-BD35-311F2C97083B}.AppStore|Any CPU.Deploy.0 = Release|Any CPU
		{E9BDBDE5-21BF-4AC3-BD35-311F2C97083B}.AppStore|ARM.ActiveCfg = Release|ARM
		{E9BDBDE5-21BF-4AC3-BD35-311F2C97083B}.AppStore|ARM.Build.0 = Release|ARM
		{E9BDBDE5-21BF-4AC3-BD35-311F2C97083B}.AppStore|ARM.Deploy.0 = Release|ARM
		{E9BDBDE5-21BF-4AC3-BD35-311F2C97083B}.AppStore|iPhone.ActiveCfg = Release|Any CPU
		{E9BDBDE5-21BF-4AC3-BD35-311F2C97083B}.AppStore|iPhoneSimulator.ActiveCfg = Release|Any CPU
		{E9BDBDE5-21BF-4AC3-BD35-311F2C97083B}.AppStore|Mixed Platforms.ActiveCfg = Release|x86
		{E9BDBDE5-21BF-4AC3-BD35-311F2C97083B}.AppStore|Mixed Platforms.Build.0 = Release|x86
		{E9BDBDE5-21BF-4AC3-BD35-311F2C97083B}.AppStore|Mixed Platforms.Deploy.0 = Release|x86
		{E9BDBDE5-21BF-4AC3-BD35-311F2C97083B}.AppStore|x86.ActiveCfg = Release|x86
		{E9BDBDE5-21BF-4AC3-BD35-311F2C97083B}.AppStore|x86.Build.0 = Release|x86
		{E9BDBDE5-21BF-4AC3-BD35-311F2C97083B}.AppStore|x86.Deploy.0 = Release|x86
		{E9BDBDE5-21BF-4AC3-BD35-311F2C97083B}.Debug|Any CPU.ActiveCfg = Debug|Any CPU
		{E9BDBDE5-21BF-4AC3-BD35-311F2C97083B}.Debug|Any CPU.Build.0 = Debug|Any CPU
		{E9BDBDE5-21BF-4AC3-BD35-311F2C97083B}.Debug|Any CPU.Deploy.0 = Debug|Any CPU
		{E9BDBDE5-21BF-4AC3-BD35-311F2C97083B}.Debug|ARM.ActiveCfg = Debug|ARM
		{E9BDBDE5-21BF-4AC3-BD35-311F2C97083B}.Debug|ARM.Build.0 = Debug|ARM
		{E9BDBDE5-21BF-4AC3-BD35-311F2C97083B}.Debug|ARM.Deploy.0 = Debug|ARM
		{E9BDBDE5-21BF-4AC3-BD35-311F2C97083B}.Debug|iPhone.ActiveCfg = Debug|Any CPU
		{E9BDBDE5-21BF-4AC3-BD35-311F2C97083B}.Debug|iPhoneSimulator.ActiveCfg = Debug|Any CPU
		{E9BDBDE5-21BF-4AC3-BD35-311F2C97083B}.Debug|Mixed Platforms.ActiveCfg = Debug|x86
		{E9BDBDE5-21BF-4AC3-BD35-311F2C97083B}.Debug|Mixed Platforms.Build.0 = Debug|x86
		{E9BDBDE5-21BF-4AC3-BD35-311F2C97083B}.Debug|Mixed Platforms.Deploy.0 = Debug|x86
		{E9BDBDE5-21BF-4AC3-BD35-311F2C97083B}.Debug|x86.ActiveCfg = Debug|x86
		{E9BDBDE5-21BF-4AC3-BD35-311F2C97083B}.Debug|x86.Build.0 = Debug|x86
		{E9BDBDE5-21BF-4AC3-BD35-311F2C97083B}.Debug|x86.Deploy.0 = Debug|x86
		{E9BDBDE5-21BF-4AC3-BD35-311F2C97083B}.Release|Any CPU.ActiveCfg = Release|Any CPU
		{E9BDBDE5-21BF-4AC3-BD35-311F2C97083B}.Release|Any CPU.Build.0 = Release|Any CPU
		{E9BDBDE5-21BF-4AC3-BD35-311F2C97083B}.Release|Any CPU.Deploy.0 = Release|Any CPU
		{E9BDBDE5-21BF-4AC3-BD35-311F2C97083B}.Release|ARM.ActiveCfg = Release|ARM
		{E9BDBDE5-21BF-4AC3-BD35-311F2C97083B}.Release|ARM.Build.0 = Release|ARM
		{E9BDBDE5-21BF-4AC3-BD35-311F2C97083B}.Release|ARM.Deploy.0 = Release|ARM
		{E9BDBDE5-21BF-4AC3-BD35-311F2C97083B}.Release|iPhone.ActiveCfg = Release|Any CPU
		{E9BDBDE5-21BF-4AC3-BD35-311F2C97083B}.Release|iPhoneSimulator.ActiveCfg = Release|Any CPU
		{E9BDBDE5-21BF-4AC3-BD35-311F2C97083B}.Release|Mixed Platforms.ActiveCfg = Release|x86
		{E9BDBDE5-21BF-4AC3-BD35-311F2C97083B}.Release|Mixed Platforms.Build.0 = Release|x86
		{E9BDBDE5-21BF-4AC3-BD35-311F2C97083B}.Release|Mixed Platforms.Deploy.0 = Release|x86
		{E9BDBDE5-21BF-4AC3-BD35-311F2C97083B}.Release|x86.ActiveCfg = Release|x86
		{E9BDBDE5-21BF-4AC3-BD35-311F2C97083B}.Release|x86.Build.0 = Release|x86
		{E9BDBDE5-21BF-4AC3-BD35-311F2C97083B}.Release|x86.Deploy.0 = Release|x86
	EndGlobalSection
	GlobalSection(SolutionProperties) = preSolution
		HideSolutionNode = FALSE
	EndGlobalSection
EndGlobal
